
Microsoft Visual Studio Solution File, Format Version 12.00
# Visual Studio 15
VisualStudioVersion = 15.0.27130.2027
MinimumVisualStudioVersion = 10.0.40219.1
Project("{FAE04EC0-301F-11D3-BF4B-00C04F79EFBC}") = "Sandbox", "Sandbox\Sandbox.csproj", "{CCBC43E9-2148-414E-96AF-0A579C0DF086}"
EndProject
Global
	GlobalSection(SolutionConfigurationPlatforms) = preSolution
		Debug|Any CPU = Debug|Any CPU
		Release|Any CPU = Release|Any CPU
	EndGlobalSection
	GlobalSection(ProjectConfigurationPlatforms) = postSolution
		{CCBC43E9-2148-414E-96AF-0A579C0DF086}.Debug|Any CPU.ActiveCfg = Debug|Any CPU
		{CCBC43E9-2148-414E-96AF-0A579C0DF086}.Debug|Any CPU.Build.0 = Debug|Any CPU
		{CCBC43E9-2148-414E-96AF-0A579C0DF086}.Release|Any CPU.ActiveCfg = Release|Any CPU
		{CCBC43E9-2148-414E-96AF-0A579C0DF086}.Release|Any CPU.Build.0 = Release|Any CPU
	EndGlobalSection
	GlobalSection(SolutionProperties) = preSolution
		HideSolutionNode = FALSE
	EndGlobalSection
	GlobalSection(ExtensibilityGlobals) = postSolution
		SolutionGuid = {C8B40CEB-1AF7-457F-AAE1-B328EED8A736}
	EndGlobalSection
EndGlobal
